// !$*UTF8*$!
{
	archiveVersion = 1;
	classes = {
	};
	objectVersion = 77;
	objects = {

/* Begin PBXBuildFile section */
		E2AA454E2F86AD20006E2A9B /* MeasureAnythingCore in Frameworks */ = {isa = PBXBuildFile; productRef = E2AA454D2F86AD20006E2A9B /* MeasureAnythingCore */; };
		E2AA45512F86AD20006E2A9B /* MeasureAnythingTaxonomy in Frameworks */ = {isa = PBXBuildFile; productRef = E2AA45502F86AD20006E2A9B /* MeasureAnythingTaxonomy */; };
/* End PBXBuildFile section */

/* Begin PBXContainerItemProxy section */
		E2AA45302F86AB8A006E2A9B /* PBXContainerItemProxy */ = {
			isa = PBXContainerItemProxy;
			containerPortal = E2AA451A2F86AB89006E2A9B /* Project object */;
			proxyType = 1;
			remoteGlobalIDString = E2AA45212F86AB89006E2A9B;
			remoteInfo = MeasureAnything;
		};
		E2AA453A2F86AB8A006E2A9B /* PBXContainerItemProxy */ = {
			isa = PBXContainerItemProxy;
			containerPortal = E2AA451A2F86AB89006E2A9B /* Project object */;
			proxyType = 1;
			remoteGlobalIDString = E2AA45212F86AB89006E2A9B;
			remoteInfo = MeasureAnything;
		};
/* End PBXContainerItemProxy section */

/* Begin PBXFileReference section */
		E2AA45222F86AB89006E2A9B /* MeasureAnything.app */ = {isa = PBXFileReference; explicitFileType = wrapper.application; includeInIndex = 0; path = MeasureAnything.app; sourceTree = BUILT_PRODUCTS_DIR; };
		E2AA452F2F86AB8A006E2A9B /* MeasureAnythingTests.xctest */ = {isa = PBXFileReference; explicitFileType = wrapper.cfbundle; includeInIndex = 0; path = MeasureAnythingTests.xctest; sourceTree = BUILT_PRODUCTS_DIR; };
		E2AA45392F86AB8A006E2A9B /* MeasureAnythingUITests.xctest */ = {isa = PBXFileReference; explicitFileType = wrapper.cfbundle; includeInIndex = 0; path = MeasureAnythingUITests.xctest; sourceTree = BUILT_PRODUCTS_DIR; };
/* End PBXFileReference section */

/* Begin PBXFileSystemSynchronizedRootGroup section */
		E2AA45242F86AB89006E2A9B /* MeasureAnything */ = {
			isa = PBXFileSystemSynchronizedRootGroup;
			path = MeasureAnything;
			sourceTree = "<group>";
		};
		E2AA45322F86AB8A006E2A9B /* MeasureAnythingTests */ = {
			isa = PBXFileSystemSynchronizedRootGroup;
			path = MeasureAnythingTests;
			sourceTree = "<group>";
		};
		E2AA453C2F86AB8A006E2A9B /* MeasureAnythingUITests */ = {
			isa = PBXFileSystemSynchronizedRootGroup;
			path = MeasureAnythingUITests;
			sourceTree = "<group>";
		};
/* End PBXFileSystemSynchronizedRootGroup section */

/* Begin PBXFrameworksBuildPhase section */
		E2AA451F2F86AB89006E2A9B /* Frameworks */ = {
			isa = PBXFrameworksBuildPhase;
			buildActionMask = 2147483647;
			files = (
				E2AA454E2F86AD20006E2A9B /* MeasureAnythingCore in Frameworks */,
				E2AA45512F86AD20006E2A9B /* MeasureAnythingTaxonomy in Frameworks */,
			);
			runOnlyForDeploymentPostprocessing = 0;
		};
		E2AA452C2F86AB8A006E2A9B /* Frameworks */ = {
			isa = PBXFrameworksBuildPhase;
			buildActionMask = 2147483647;
			files = (
			);
			runOnlyForDeploymentPostprocessing = 0;
		};
		E2AA45362F86AB8A006E2A9B /* Frameworks */ = {
			isa = PBXFrameworksBuildPhase;
			buildActionMask = 2147483647;
			files = (
			);
			runOnlyForDeploymentPostprocessing = 0;
		};
/* End PBXFrameworksBuildPhase section */

/* Begin PBXGroup section */
		E2AA45192F86AB89006E2A9B = {
			isa = PBXGroup;
			children = (
				E2AA45242F86AB89006E2A9B /* MeasureAnything */,
				E2AA45322F86AB8A006E2A9B /* MeasureAnythingTests */,
				E2AA453C2F86AB8A006E2A9B /* MeasureAnythingUITests */,
				E2AA45232F86AB89006E2A9B /* Products */,
			);
			sourceTree = "<group>";
		};
		E2AA45232F86AB89006E2A9B /* Products */ = {
			isa = PBXGroup;
			children = (
				E2AA45222F86AB89006E2A9B /* MeasureAnything.app */,
				E2AA452F2F86AB8A006E2A9B /* MeasureAnythingTests.xctest */,
				E2AA45392F86AB8A006E2A9B /* MeasureAnythingUITests.xctest */,
			);
			name = Products;
			sourceTree = "<group>";
		};
/* End PBXGroup section */

/* Begin PBXNativeTarget section */
		E2AA45212F86AB89006E2A9B /* MeasureAnything */ = {
			isa = PBXNativeTarget;
			buildConfigurationList = E2AA45432F86AB8A006E2A9B /* Build configuration list for PBXNativeTarget "MeasureAnything" */;
			buildPhases = (
				E2AA451E2F86AB89006E2A9B /* Sources */,
				E2AA451F2F86AB89006E2A9B /* Frameworks */,
				E2AA45202F86AB89006E2A9B /* Resources */,
			);
			buildRules = (
			);
			dependencies = (
			);
			fileSystemSynchronizedGroups = (
				E2AA45242F86AB89006E2A9B /* MeasureAnything */,
			);
			name = MeasureAnything;
			packageProductDependencies = (
				E2AA454D2F86AD20006E2A9B /* MeasureAnythingCore */,
				E2AA45502F86AD20006E2A9B /* MeasureAnythingTaxonomy */,
			);
			productName = MeasureAnything;
			productReference = E2AA45222F86AB89006E2A9B /* MeasureAnything.app */;
			productType = "com.apple.product-type.application";
		};
		E2AA452E2F86AB8A006E2A9B /* MeasureAnythingTests */ = {
			isa = PBXNativeTarget;
			buildConfigurationList = E2AA45462F86AB8A006E2A9B /* Build configuration list for PBXNativeTarget "MeasureAnythingTests" */;
			buildPhases = (
				E2AA452B2F86AB8A006E2A9B /* Sources */,
				E2AA452C2F86AB8A006E2A9B /* Frameworks */,
				E2AA452D2F86AB8A006E2A9B /* Resources */,
			);
			buildRules = (
			);
			dependencies = (
				E2AA45312F86AB8A006E2A9B /* PBXTargetDependency */,
			);
			fileSystemSynchronizedGroups = (
				E2AA45322F86AB8A006E2A9B /* MeasureAnythingTests */,
			);
			name = MeasureAnythingTests;
			packageProductDependencies = (
			);
			productName = MeasureAnythingTests;
			productReference = E2AA452F2F86AB8A006E2A9B /* MeasureAnythingTests.xctest */;
			productType = "com.apple.product-type.bundle.unit-test";
		};
		E2AA45382F86AB8A006E2A9B /* MeasureAnythingUITests */ = {
			isa = PBXNativeTarget;
			buildConfigurationList = E2AA45492F86AB8A006E2A9B /* Build configuration list for PBXNativeTarget "MeasureAnythingUITests" */;
			buildPhases = (
				E2AA45352F86AB8A006E2A9B /* Sources */,
				E2AA45362F86AB8A006E2A9B /* Frameworks */,
				E2AA45372F86AB8A006E2A9B /* Resources */,
			);
			buildRules = (
			);
			dependencies = (
				E2AA453B2F86AB8A006E2A9B /* PBXTargetDependency */,
			);
			fileSystemSynchronizedGroups = (
				E2AA453C2F86AB8A006E2A9B /* MeasureAnythingUITests */,
			);
			name = MeasureAnythingUITests;
			packageProductDependencies = (
			);
			productName = MeasureAnythingUITests;
			productReference = E2AA45392F86AB8A006E2A9B /* MeasureAnythingUITests.xctest */;
			productType = "com.apple.product-type.bundle.ui-testing";
		};
/* End PBXNativeTarget section */

/* Begin PBXProject section */
		E2AA451A2F86AB89006E2A9B /* Project object */ = {
			isa = PBXProject;
			attributes = {
				BuildIndependentTargetsInParallel = 1;
				LastSwiftUpdateCheck = 2610;
				LastUpgradeCheck = 2610;
				TargetAttributes = {
					E2AA45212F86AB89006E2A9B = {
						CreatedOnToolsVersion = 26.1.1;
					};
					E2AA452E2F86AB8A006E2A9B = {
						CreatedOnToolsVersion = 26.1.1;
						TestTargetID = E2AA45212F86AB89006E2A9B;
					};
					E2AA45382F86AB8A006E2A9B = {
						CreatedOnToolsVersion = 26.1.1;
						TestTargetID = E2AA45212F86AB89006E2A9B;
					};
				};
			};
			buildConfigurationList = E2AA451D2F86AB89006E2A9B /* Build configuration list for PBXProject "MeasureAnything" */;
			developmentRegion = en;
			hasScannedForEncodings = 0;
			knownRegions = (
				en,
				Base,
			);
			mainGroup = E2AA45192F86AB89006E2A9B;
			minimizedProjectReferenceProxies = 1;
			packageReferences = (
				E2AA454C2F86AD1F006E2A9B /* XCLocalSwiftPackageReference ".." */,
			);
			preferredProjectObjectVersion = 77;
			productRefGroup = E2AA45232F86AB89006E2A9B /* Products */;
			projectDirPath = "";
			projectRoot = "";
			targets = (
				E2AA45212F86AB89006E2A9B /* MeasureAnything */,
				E2AA452E2F86AB8A006E2A9B /* MeasureAnythingTests */,
				E2AA45382F86AB8A006E2A9B /* MeasureAnythingUITests */,
			);
		};
/* End PBXProject section */

/* Begin PBXResourcesBuildPhase section */
		E2AA45202F86AB89006E2A9B /* Resources */ = {
			isa = PBXResourcesBuildPhase;
			buildActionMask = 2147483647;
			files = (
			);
			runOnlyForDeploymentPostprocessing = 0;
		};
		E2AA452D2F86AB8A006E2A9B /* Resources */ = {
			isa = PBXResourcesBuildPhase;
			buildActionMask = 2147483647;
			files = (
			);
			runOnlyForDeploymentPostprocessing = 0;
		};
		E2AA45372F86AB8A006E2A9B /* Resources */ = {
			isa = PBXResourcesBuildPhase;
			buildActionMask = 2147483647;
			files = (
			);
			runOnlyForDeploymentPostprocessing = 0;
		};
/* End PBXResourcesBuildPhase section */

/* Begin PBXSourcesBuildPhase section */
		E2AA451E2F86AB89006E2A9B /* Sources */ = {
			isa = PBXSourcesBuildPhase;
			buildActionMask = 2147483647;
			files = (
			);
			runOnlyForDeploymentPostprocessing = 0;
		};
		E2AA452B2F86AB8A006E2A9B /* Sources */ = {
			isa = PBXSourcesBuildPhase;
			buildActionMask = 2147483647;
			files = (
			);
			runOnlyForDeploymentPostprocessing = 0;
		};
		E2AA45352F86AB8A006E2A9B /* Sources */ = {
			isa = PBXSourcesBuildPhase;
			buildActionMask = 2147483647;
			files = (
			);
			runOnlyForDeploymentPostprocessing = 0;
		};
/* End PBXSourcesBuildPhase section */

/* Begin PBXTargetDependency section */
		E2AA45312F86AB8A006E2A9B /* PBXTargetDependency */ = {
			isa = PBXTargetDependency;
			target = E2AA45212F86AB89006E2A9B /* MeasureAnything */;
			targetProxy = E2AA45302F86AB8A006E2A9B /* PBXContainerItemProxy */;
		};
		E2AA453B2F86AB8A006E2A9B /* PBXTargetDependency */ = {
			isa = PBXTargetDependency;
			target = E2AA45212F86AB89006E2A9B /* MeasureAnything */;
			targetProxy = E2AA453A2F86AB8A006E2A9B /* PBXContainerItemProxy */;
		};
/* End PBXTargetDependency section */

/* Begin XCBuildConfiguration section */
		E2AA45412F86AB8A006E2A9B /* Debug */ = {
			isa = XCBuildConfiguration;
			buildSettings = {
				ALWAYS_SEARCH_USER_PATHS = NO;
				ASSETCATALOG_COMPILER_GENERATE_SWIFT_ASSET_SYMBOL_EXTENSIONS = YES;
				CLANG_ANALYZER_NONNULL = YES;
				CLANG_ANALYZER_NUMBER_OBJECT_CONVERSION = YES_AGGRESSIVE;
				CLANG_CXX_LANGUAGE_STANDARD = "gnu++20";
				CLANG_ENABLE_MODULES = YES;
				CLANG_ENABLE_OBJC_ARC = YES;
				CLANG_ENABLE_OBJC_WEAK = YES;
				CLANG_WARN_BLOCK_CAPTURE_AUTORELEASING = YES;
				CLANG_WARN_BOOL_CONVERSION = YES;
				CLANG_WARN_COMMA = YES;
				CLANG_WARN_CONSTANT_CONVERSION = YES;
				CLANG_WARN_DEPRECATED_OBJC_IMPLEMENTATIONS = YES;
				CLANG_WARN_DIRECT_OBJC_ISA_USAGE = YES_ERROR;
				CLANG_WARN_DOCUMENTATION_COMMENTS = YES;
				CLANG_WARN_EMPTY_BODY = YES;
				CLANG_WARN_ENUM_CONVERSION = YES;
				CLANG_WARN_INFINITE_RECURSION = YES;
				CLANG_WARN_INT_CONVERSION = YES;
				CLANG_WARN_NON_LITERAL_NULL_CONVERSION = YES;
				CLANG_WARN_OBJC_IMPLICIT_RETAIN_SELF = YES;
				CLANG_WARN_OBJC_LITERAL_CONVERSION = YES;
				CLANG_WARN_OBJC_ROOT_CLASS = YES_ERROR;
				CLANG_WARN_QUOTED_INCLUDE_IN_FRAMEWORK_HEADER = YES;
				CLANG_WARN_RANGE_LOOP_ANALYSIS = YES;
				CLANG_WARN_STRICT_PROTOTYPES = YES;
				CLANG_WARN_SUSPICIOUS_MOVE = YES;
				CLANG_WARN_UNGUARDED_AVAILABILITY = YES_AGGRESSIVE;
				CLANG_WARN_UNREACHABLE_CODE = YES;
				CLANG_WARN__DUPLICATE_METHOD_MATCH = YES;
				COPY_PHASE_STRIP = NO;
				DEBUG_INFORMATION_FORMAT = dwarf;
				DEVELOPMENT_TEAM = 6YM9A549VZ;
				ENABLE_STRICT_OBJC_MSGSEND = YES;
				ENABLE_TESTABILITY = YES;
				ENABLE_USER_SCRIPT_SANDBOXING = YES;
				GCC_C_LANGUAGE_STANDARD = gnu17;
				GCC_DYNAMIC_NO_PIC = NO;
				GCC_NO_COMMON_BLOCKS = YES;
				GCC_OPTIMIZATION_LEVEL = 0;
				GCC_PREPROCESSOR_DEFINITIONS = (
					"DEBUG=1",
					"$(inherited)",
				);
				GCC_WARN_64_TO_32_BIT_CONVERSION = YES;
				GCC_WARN_ABOUT_RETURN_TYPE = YES_ERROR;
				GCC_WARN_UNDECLARED_SELECTOR = YES;
				GCC_WARN_UNINITIALIZED_AUTOS = YES_AGGRESSIVE;
				GCC_WARN_UNUSED_FUNCTION = YES;
				GCC_WARN_UNUSED_VARIABLE = YES;
				IPHONEOS_DEPLOYMENT_TARGET = 26.1;
				LOCALIZATION_PREFERS_STRING_CATALOGS = YES;
				MTL_ENABLE_DEBUG_INFO = INCLUDE_SOURCE;
				MTL_FAST_MATH = YES;
				ONLY_ACTIVE_ARCH = YES;
				SDKROOT = iphoneos;
				SWIFT_ACTIVE_COMPILATION_CONDITIONS = "DEBUG $(inherited)";
				SWIFT_OPTIMIZATION_LEVEL = "-Onone";
			};
			name = Debug;
		};
		E2AA45422F86AB8A006E2A9B /* Release */ = {
			isa = XCBuildConfiguration;
			buildSettings = {
				ALWAYS_SEARCH_USER_PATHS = NO;
				ASSETCATALOG_COMPILER_GENERATE_SWIFT_ASSET_SYMBOL_EXTENSIONS = YES;
				CLANG_ANALYZER_NONNULL = YES;
				CLANG_ANALYZER_NUMBER_OBJECT_CONVERSION = YES_AGGRESSIVE;
				CLANG_CXX_LANGUAGE_STANDARD = "gnu++20";
				CLANG_ENABLE_MODULES = YES;
				CLANG_ENABLE_OBJC_ARC = YES;
				CLANG_ENABLE_OBJC_WEAK = YES;
				CLANG_WARN_BLOCK_CAPTURE_AUTORELEASING = YES;
				CLANG_WARN_BOOL_CONVERSION = YES;
				CLANG_WARN_COMMA = YES;
				CLANG_WARN_CONSTANT_CONVERSION = YES;
				CLANG_WARN_DEPRECATED_OBJC_IMPLEMENTATIONS = YES;
				CLANG_WARN_DIRECT_OBJC_ISA_USAGE = YES_ERROR;
				CLANG_WARN_DOCUMENTATION_COMMENTS = YES;
				CLANG_WARN_EMPTY_BODY = YES;
				CLANG_WARN_ENUM_CONVERSION = YES;
				CLANG_WARN_INFINITE_RECURSION = YES;
				CLANG_WARN_INT_CONVERSION = YES;
				CLANG_WARN_NON_LITERAL_NULL_CONVERSION = YES;
				CLANG_WARN_OBJC_IMPLICIT_RETAIN_SELF = YES;
				CLANG_WARN_OBJC_LITERAL_CONVERSION = YES;
				CLANG_WARN_OBJC_ROOT_CLASS = YES_ERROR;
				CLANG_WARN_QUOTED_INCLUDE_IN_FRAMEWORK_HEADER = YES;
				CLANG_WARN_RANGE_LOOP_ANALYSIS = YES;
				CLANG_WARN_STRICT_PROTOTYPES = YES;
				CLANG_WARN_SUSPICIOUS_MOVE = YES;
				CLANG_WARN_UNGUARDED_AVAILABILITY = YES_AGGRESSIVE;
				CLANG_WARN_UNREACHABLE_CODE = YES;
				CLANG_WARN__DUPLICATE_METHOD_MATCH = YES;
				COPY_PHASE_STRIP = NO;
				DEBUG_INFORMATION_FORMAT = "dwarf-with-dsym";
				DEVELOPMENT_TEAM = 6YM9A549VZ;
				ENABLE_NS_ASSERTIONS = NO;
				ENABLE_STRICT_OBJC_MSGSEND = YES;
				ENABLE_USER_SCRIPT_SANDBOXING = YES;
				GCC_C_LANGUAGE_STANDARD = gnu17;
				GCC_NO_COMMON_BLOCKS = YES;
				GCC_WARN_64_TO_32_BIT_CONVERSION = YES;
				GCC_WARN_ABOUT_RETURN_TYPE = YES_ERROR;
				GCC_WARN_UNDECLARED_SELECTOR = YES;
				GCC_WARN_UNINITIALIZED_AUTOS = YES_AGGRESSIVE;
				GCC_WARN_UNUSED_FUNCTION = YES;
				GCC_WARN_UNUSED_VARIABLE = YES;
				IPHONEOS_DEPLOYMENT_TARGET = 26.1;
				LOCALIZATION_PREFERS_STRING_CATALOGS = YES;
				MTL_ENABLE_DEBUG_INFO = NO;
				MTL_FAST_MATH = YES;
				SDKROOT = iphoneos;
				SWIFT_COMPILATION_MODE = wholemodule;
				VALIDATE_PRODUCT = YES;
			};
			name = Release;
		};
		E2AA45442F86AB8A006E2A9B /* Debug */ = {
			isa = XCBuildConfiguration;
			buildSettings = {
				ASSETCATALOG_COMPILER_APPICON_NAME = AppIcon;
				ASSETCATALOG_COMPILER_GLOBAL_ACCENT_COLOR_NAME = AccentColor;
				CODE_SIGN_STYLE = Automatic;
				CURRENT_PROJECT_VERSION = 1;
				DEVELOPMENT_TEAM = 6YM9A549VZ;
				ENABLE_PREVIEWS = YES;
				GENERATE_INFOPLIST_FILE = YES;
				INFOPLIST_KEY_NSPhotoLibraryAddUsageDescription = "Measure Anything saves your conversion card to Photos.";
				INFOPLIST_KEY_UIApplicationSceneManifest_Generation = YES;
				INFOPLIST_KEY_UIApplicationSupportsIndirectInputEvents = YES;
				INFOPLIST_KEY_UILaunchScreen_Generation = YES;
				INFOPLIST_KEY_UISupportedInterfaceOrientations_iPad = "UIInterfaceOrientationPortrait UIInterfaceOrientationPortraitUpsideDown";
				INFOPLIST_KEY_UISupportedInterfaceOrientations_iPhone = UIInterfaceOrientationPortrait;
				INFOPLIST_KEY_UIUserInterfaceStyle = Light;
				LD_RUNPATH_SEARCH_PATHS = (
					"$(inherited)",
					"@executable_path/Frameworks",
				);
				MARKETING_VERSION = 1.0;
				PRODUCT_BUNDLE_IDENTIFIER = com.vishal.MeasureAnything;
				PRODUCT_NAME = "$(TARGET_NAME)";
				STRING_CATALOG_GENERATE_SYMBOLS = YES;
				SWIFT_APPROACHABLE_CONCURRENCY = YES;
				SWIFT_DEFAULT_ACTOR_ISOLATION = MainActor;
				SWIFT_EMIT_LOC_STRINGS = YES;
				SWIFT_UPCOMING_FEATURE_MEMBER_IMPORT_VISIBILITY = YES;
				SWIFT_VERSION = 5.0;
				TARGETED_DEVICE_FAMILY = "1,2";
			};
			name = Debug;
		};
		E2AA45452F86AB8A006E2A9B /* Release */ = {
			isa = XCBuildConfiguration;
			buildSettings = {
				ASSETCATALOG_COMPILER_APPICON_NAME = AppIcon;
				ASSETCATALOG_COMPILER_GLOBAL_ACCENT_COLOR_NAME = AccentColor;
				CODE_SIGN_STYLE = Automatic;
				CURRENT_PROJECT_VERSION = 1;
				DEVELOPMENT_TEAM = 6YM9A549VZ;
				ENABLE_PREVIEWS = YES;
				GENERATE_INFOPLIST_FILE = YES;
				INFOPLIST_KEY_NSPhotoLibraryAddUsageDescription = "Measure Anything saves your conversion card to Photos.";
				INFOPLIST_KEY_UIApplicationSceneManifest_Generation = YES;
				INFOPLIST_KEY_UIApplicationSupportsIndirectInputEvents = YES;
				INFOPLIST_KEY_UILaunchScreen_Generation = YES;
				INFOPLIST_KEY_UISupportedInterfaceOrientations_iPad = "UIInterfaceOrientationPortrait UIInterfaceOrientationPortraitUpsideDown";
				INFOPLIST_KEY_UISupportedInterfaceOrientations_iPhone = UIInterfaceOrientationPortrait;
				INFOPLIST_KEY_UIUserInterfaceStyle = Light;
				LD_RUNPATH_SEARCH_PATHS = (
					"$(inherited)",
					"@executable_path/Frameworks",
				);
				MARKETING_VERSION = 1.0;
				PRODUCT_BUNDLE_IDENTIFIER = com.vishal.MeasureAnything;
				PRODUCT_NAME = "$(TARGET_NAME)";
				STRING_CATALOG_GENERATE_SYMBOLS = YES;
				SWIFT_APPROACHABLE_CONCURRENCY = YES;
				SWIFT_DEFAULT_ACTOR_ISOLATION = MainActor;
				SWIFT_EMIT_LOC_STRINGS = YES;
				SWIFT_UPCOMING_FEATURE_MEMBER_IMPORT_VISIBILITY = YES;
				SWIFT_VERSION = 5.0;
				TARGETED_DEVICE_FAMILY = "1,2";
			};
			name = Release;
		};
		E2AA45472F86AB8A006E2A9B /* Debug */ = {
			isa = XCBuildConfiguration;
			buildSettings = {
				BUNDLE_LOADER = "$(TEST_HOST)";
				CODE_SIGN_STYLE = Automatic;
				CURRENT_PROJECT_VERSION = 1;
				DEVELOPMENT_TEAM = 6YM9A549VZ;
				GENERATE_INFOPLIST_FILE = YES;
				IPHONEOS_DEPLOYMENT_TARGET = 26.1;
				MARKETING_VERSION = 1.0;
				PRODUCT_BUNDLE_IDENTIFIER = com.vishal.MeasureAnythingTests;
				PRODUCT_NAME = "$(TARGET_NAME)";
				STRING_CATALOG_GENERATE_SYMBOLS = NO;
				SWIFT_APPROACHABLE_CONCURRENCY = YES;
				SWIFT_EMIT_LOC_STRINGS = NO;
				SWIFT_UPCOMING_FEATURE_MEMBER_IMPORT_VISIBILITY = YES;
				SWIFT_VERSION = 5.0;
				TARGETED_DEVICE_FAMILY = "1,2";
				TEST_HOST = "$(BUILT_PRODUCTS_DIR)/MeasureAnything.app/$(BUNDLE_EXECUTABLE_FOLDER_PATH)/MeasureAnything";
			};
			name = Debug;
		};
		E2AA45482F86AB8A006E2A9B /* Release */ = {
			isa = XCBuildConfiguration;
			buildSettings = {
				BUNDLE_LOADER = "$(TEST_HOST)";
				CODE_SIGN_STYLE = Automatic;
				CURRENT_PROJECT_VERSION = 1;
				DEVELOPMENT_TEAM = 6YM9A549VZ;
				GENERATE_INFOPLIST_FILE = YES;
				IPHONEOS_DEPLOYMENT_TARGET = 26.1;
				MARKETING_VERSION = 1.0;
				PRODUCT_BUNDLE_IDENTIFIER = com.vishal.MeasureAnythingTests;
				PRODUCT_NAME = "$(TARGET_NAME)";
				STRING_CATALOG_GENERATE_SYMBOLS = NO;
				SWIFT_APPROACHABLE_CONCURRENCY = YES;
				SWIFT_EMIT_LOC_STRINGS = NO;
				SWIFT_UPCOMING_FEATURE_MEMBER_IMPORT_VISIBILITY = YES;
				SWIFT_VERSION = 5.0;
				TARGETED_DEVICE_FAMILY = "1,2";
				TEST_HOST = "$(BUILT_PRODUCTS_DIR)/MeasureAnything.app/$(BUNDLE_EXECUTABLE_FOLDER_PATH)/MeasureAnything";
			};
			name = Release;
		};
		E2AA454A2F86AB8A006E2A9B /* Debug */ = {
			isa = XCBuildConfiguration;
			buildSettings = {
				CODE_SIGN_STYLE = Automatic;
				CURRENT_PROJECT_VERSION = 1;
				DEVELOPMENT_TEAM = 6YM9A549VZ;
				GENERATE_INFOPLIST_FILE = YES;
				MARKETING_VERSION = 1.0;
				PRODUCT_BUNDLE_IDENTIFIER = com.vishal.MeasureAnythingUITests;
				PRODUCT_NAME = "$(TARGET_NAME)";
				STRING_CATALOG_GENERATE_SYMBOLS = NO;
				SWIFT_APPROACHABLE_CONCURRENCY = YES;
				SWIFT_EMIT_LOC_STRINGS = NO;
				SWIFT_UPCOMING_FEATURE_MEMBER_IMPORT_VISIBILITY = YES;
				SWIFT_VERSION = 5.0;
				TARGETED_DEVICE_FAMILY = "1,2";
				TEST_TARGET_NAME = MeasureAnything;
			};
			name = Debug;
		};
		E2AA454B2F86AB8A006E2A9B /* Release */ = {
			isa = XCBuildConfiguration;
			buildSettings = {
				CODE_SIGN_STYLE = Automatic;
				CURRENT_PROJECT_VERSION = 1;
				DEVELOPMENT_TEAM = 6YM9A549VZ;
				GENERATE_INFOPLIST_FILE = YES;
				MARKETING_VERSION = 1.0;
				PRODUCT_BUNDLE_IDENTIFIER = com.vishal.MeasureAnythingUITests;
				PRODUCT_NAME = "$(TARGET_NAME)";
				STRING_CATALOG_GENERATE_SYMBOLS = NO;
				SWIFT_APPROACHABLE_CONCURRENCY = YES;
				SWIFT_EMIT_LOC_STRINGS = NO;
				SWIFT_UPCOMING_FEATURE_MEMBER_IMPORT_VISIBILITY = YES;
				SWIFT_VERSION = 5.0;
				TARGETED_DEVICE_FAMILY = "1,2";
				TEST_TARGET_NAME = MeasureAnything;
			};
			name = Release;
		};
/* End XCBuildConfiguration section */

/* Begin XCConfigurationList section */
		E2AA451D2F86AB89006E2A9B /* Build configuration list for PBXProject "MeasureAnything" */ = {
			isa = XCConfigurationList;
			buildConfigurations = (
				E2AA45412F86AB8A006E2A9B /* Debug */,
				E2AA45422F86AB8A006E2A9B /* Release */,
			);
			defaultConfigurationIsVisible = 0;
			defaultConfigurationName = Release;
		};
		E2AA45432F86AB8A006E2A9B /* Build configuration list for PBXNativeTarget "MeasureAnything" */ = {
			isa = XCConfigurationList;
			buildConfigurations = (
				E2AA45442F86AB8A006E2A9B /* Debug */,
				E2AA45452F86AB8A006E2A9B /* Release */,
			);
			defaultConfigurationIsVisible = 0;
			defaultConfigurationName = Release;
		};
		E2AA45462F86AB8A006E2A9B /* Build configuration list for PBXNativeTarget "MeasureAnythingTests" */ = {
			isa = XCConfigurationList;
			buildConfigurations = (
				E2AA45472F86AB8A006E2A9B /* Debug */,
				E2AA45482F86AB8A006E2A9B /* Release */,
			);
			defaultConfigurationIsVisible = 0;
			defaultConfigurationName = Release;
		};
		E2AA45492F86AB8A006E2A9B /* Build configuration list for PBXNativeTarget "MeasureAnythingUITests" */ = {
			isa = XCConfigurationList;
			buildConfigurations = (
				E2AA454A2F86AB8A006E2A9B /* Debug */,
				E2AA454B2F86AB8A006E2A9B /* Release */,
			);
			defaultConfigurationIsVisible = 0;
			defaultConfigurationName = Release;
		};
/* End XCConfigurationList section */

/* Begin XCLocalSwiftPackageReference section */
		E2AA454C2F86AD1F006E2A9B /* XCLocalSwiftPackageReference ".." */ = {
			isa = XCLocalSwiftPackageReference;
			relativePath = ..;
		};
/* End XCLocalSwiftPackageReference section */

/* Begin XCSwiftPackageProductDependency section */
		E2AA454D2F86AD20006E2A9B /* MeasureAnythingCore */ = {
			isa = XCSwiftPackageProductDependency;
			package = E2AA454C2F86AD1F006E2A9B /* XCLocalSwiftPackageReference ".." */;
			productName = MeasureAnythingCore;
		};
		E2AA45502F86AD20006E2A9B /* MeasureAnythingTaxonomy */ = {
			isa = XCSwiftPackageProductDependency;
			package = E2AA454C2F86AD1F006E2A9B /* XCLocalSwiftPackageReference ".." */;
			productName = MeasureAnythingTaxonomy;
		};
/* End XCSwiftPackageProductDependency section */
	};
	rootObject = E2AA451A2F86AB89006E2A9B /* Project object */;
}
